// !$*UTF8*$!
{
	archiveVersion = 1;
	classes = {
	};
	objectVersion = 52;
	objects = {

/* Begin PBXBuildFile section */
		7660B2BB25FD0FD3003583B6 /* ConnectivityManager.swift in Sources */ = {isa = PBXBuildFile; fileRef = 7660B2BA25FD0FD3003583B6 /* ConnectivityManager.swift */; };
		7660B2BE25FD12F8003583B6 /* BaseViewController.swift in Sources */ = {isa = PBXBuildFile; fileRef = 7660B2BD25FD12F8003583B6 /* BaseViewController.swift */; };
		7693F10525FA842800DFAB54 /* AppDelegate.swift in Sources */ = {isa = PBXBuildFile; fileRef = 7693F10425FA842800DFAB54 /* AppDelegate.swift */; };
		7693F10725FA842800DFAB54 /* SceneDelegate.swift in Sources */ = {isa = PBXBuildFile; fileRef = 7693F10625FA842800DFAB54 /* SceneDelegate.swift */; };
		7693F10925FA842800DFAB54 /* ViewController.swift in Sources */ = {isa = PBXBuildFile; fileRef = 7693F10825FA842800DFAB54 /* ViewController.swift */; };
		7693F10C25FA842800DFAB54 /* Main.storyboard in Resources */ = {isa = PBXBuildFile; fileRef = 7693F10A25FA842800DFAB54 /* Main.storyboard */; };
		7693F10E25FA842A00DFAB54 /* Assets.xcassets in Resources */ = {isa = PBXBuildFile; fileRef = 7693F10D25FA842A00DFAB54 /* Assets.xcassets */; };
		7693F11125FA842A00DFAB54 /* LaunchScreen.storyboard in Resources */ = {isa = PBXBuildFile; fileRef = 7693F10F25FA842A00DFAB54 /* LaunchScreen.storyboard */; };
		7693F11B25FA855500DFAB54 /* Alamofire in Frameworks */ = {isa = PBXBuildFile; productRef = 7693F11A25FA855500DFAB54 /* Alamofire */; };
/* End PBXBuildFile section */

/* Begin PBXFileReference section */
		7660B2BA25FD0FD3003583B6 /* ConnectivityManager.swift */ = {isa = PBXFileReference; fileEncoding = 4; lastKnownFileType = sourcecode.swift; path = ConnectivityManager.swift; sourceTree = "<group>"; };
		7660B2BD25FD12F8003583B6 /* BaseViewController.swift */ = {isa = PBXFileReference; lastKnownFileType = sourcecode.swift; path = BaseViewController.swift; sourceTree = "<group>"; };
		7693F10125FA842800DFAB54 /* ConnectivityListener.app */ = {isa = PBXFileReference; explicitFileType = wrapper.application; includeInIndex = 0; path = ConnectivityListener.app; sourceTree = BUILT_PRODUCTS_DIR; };
		7693F10425FA842800DFAB54 /* AppDelegate.swift */ = {isa = PBXFileReference; lastKnownFileType = sourcecode.swift; path = AppDelegate.swift; sourceTree = "<group>"; };
		7693F10625FA842800DFAB54 /* SceneDelegate.swift */ = {isa = PBXFileReference; lastKnownFileType = sourcecode.swift; path = SceneDelegate.swift; sourceTree = "<group>"; };
		7693F10825FA842800DFAB54 /* ViewController.swift */ = {isa = PBXFileReference; lastKnownFileType = sourcecode.swift; path = ViewController.swift; sourceTree = "<group>"; };
		7693F10B25FA842800DFAB54 /* Base */ = {isa = PBXFileReference; lastKnownFileType = file.storyboard; name = Base; path = Base.lproj/Main.storyboard; sourceTree = "<group>"; };
		7693F10D25FA842A00DFAB54 /* Assets.xcassets */ = {isa = PBXFileReference; lastKnownFileType = folder.assetcatalog; path = Assets.xcassets; sourceTree = "<group>"; };
		7693F11025FA842A00DFAB54 /* Base */ = {isa = PBXFileReference; lastKnownFileType = file.storyboard; name = Base; path = Base.lproj/LaunchScreen.storyboard; sourceTree = "<group>"; };
		7693F11225FA842A00DFAB54 /* Info.plist */ = {isa = PBXFileReference; lastKnownFileType = text.plist.xml; path = Info.plist; sourceTree = "<group>"; };
/* End PBXFileReference section */

/* Begin PBXFrameworksBuildPhase section */
		7693F0FE25FA842800DFAB54 /* Frameworks */ = {
			isa = PBXFrameworksBuildPhase;
			buildActionMask = 2147483647;
			files = (
				7693F11B25FA855500DFAB54 /* Alamofire in Frameworks */,
			);
			runOnlyForDeploymentPostprocessing = 0;
		};
/* End PBXFrameworksBuildPhase section */

/* Begin PBXGroup section */
		7693F0F825FA842800DFAB54 = {
			isa = PBXGroup;
			children = (
				7693F10325FA842800DFAB54 /* ConnectivityListener */,
				7693F10225FA842800DFAB54 /* Products */,
			);
			sourceTree = "<group>";
		};
		7693F10225FA842800DFAB54 /* Products */ = {
			isa = PBXGroup;
			children = (
				7693F10125FA842800DFAB54 /* ConnectivityListener.app */,
			);
			name = Products;
			sourceTree = "<group>";
		};
		7693F10325FA842800DFAB54 /* ConnectivityListener */ = {
			isa = PBXGroup;
			children = (
				7660B2BA25FD0FD3003583B6 /* ConnectivityManager.swift */,
				7693F10425FA842800DFAB54 /* AppDelegate.swift */,
				7693F10625FA842800DFAB54 /* SceneDelegate.swift */,
				7693F10825FA842800DFAB54 /* ViewController.swift */,
				7693F10A25FA842800DFAB54 /* Main.storyboard */,
				7693F10D25FA842A00DFAB54 /* Assets.xcassets */,
				7693F10F25FA842A00DFAB54 /* LaunchScreen.storyboard */,
				7693F11225FA842A00DFAB54 /* Info.plist */,
				7660B2BD25FD12F8003583B6 /* BaseViewController.swift */,
			);
			path = ConnectivityListener;
			sourceTree = "<group>";
		};
/* End PBXGroup section */

/* Begin PBXNativeTarget section */
		7693F10025FA842800DFAB54 /* ConnectivityListener */ = {
			isa = PBXNativeTarget;
			buildConfigurationList = 7693F11525FA842A00DFAB54 /* Build configuration list for PBXNativeTarget "ConnectivityListener" */;
			buildPhases = (
				7693F0FD25FA842800DFAB54 /* Sources */,
				7693F0FE25FA842800DFAB54 /* Frameworks */,
				7693F0FF25FA842800DFAB54 /* Resources */,
			);
			buildRules = (
			);
			dependencies = (
			);
			name = ConnectivityListener;
			packageProductDependencies = (
				7693F11A25FA855500DFAB54 /* Alamofire */,
			);
			productName = ConnectivityListener;
			productReference = 7693F10125FA842800DFAB54 /* ConnectivityListener.app */;
			productType = "com.apple.product-type.application";
		};
/* End PBXNativeTarget section */

/* Begin PBXProject section */
		7693F0F925FA842800DFAB54 /* Project object */ = {
			isa = PBXProject;
			attributes = {
				LastSwiftUpdateCheck = 1240;
				LastUpgradeCheck = 1240;
				TargetAttributes = {
					7693F10025FA842800DFAB54 = {
						CreatedOnToolsVersion = 12.4;
					};
				};
			};
			buildConfigurationList = 7693F0FC25FA842800DFAB54 /* Build configuration list for PBXProject "ConnectivityListener" */;
			compatibilityVersion = "Xcode 9.3";
			developmentRegion = en;
			hasScannedForEncodings = 0;
			knownRegions = (
				en,
				Base,
			);
			mainGroup = 7693F0F825FA842800DFAB54;
			packageReferences = (
				7693F11925FA855500DFAB54 /* XCRemoteSwiftPackageReference "Alamofire" */,
			);
			productRefGroup = 7693F10225FA842800DFAB54 /* Products */;
			projectDirPath = "";
			projectRoot = "";
			targets = (
				7693F10025FA842800DFAB54 /* ConnectivityListener */,
			);
		};
/* End PBXProject section */

/* Begin PBXResourcesBuildPhase section */
		7693F0FF25FA842800DFAB54 /* Resources */ = {
			isa = PBXResourcesBuildPhase;
			buildActionMask = 2147483647;
			files = (
				7693F11125FA842A00DFAB54 /* LaunchScreen.storyboard in Resources */,
				7693F10E25FA842A00DFAB54 /* Assets.xcassets in Resources */,
				7693F10C25FA842800DFAB54 /* Main.storyboard in Resources */,
			);
			runOnlyForDeploymentPostprocessing = 0;
		};
/* End PBXResourcesBuildPhase section */

/* Begin PBXSourcesBuildPhase section */
		7693F0FD25FA842800DFAB54 /* Sources */ = {
			isa = PBXSourcesBuildPhase;
			buildActionMask = 2147483647;
			files = (
				7660B2BE25FD12F8003583B6 /* BaseViewController.swift in Sources */,
				7693F10925FA842800DFAB54 /* ViewController.swift in Sources */,
				7693F10525FA842800DFAB54 /* AppDelegate.swift in Sources */,
				7660B2BB25FD0FD3003583B6 /* ConnectivityManager.swift in Sources */,
				7693F10725FA842800DFAB54 /* SceneDelegate.swift in Sources */,
			);
			runOnlyForDeploymentPostprocessing = 0;
		};
/* End PBXSourcesBuildPhase section */

/* Begin PBXVariantGroup section */
		7693F10A25FA842800DFAB54 /* Main.storyboard */ = {
			isa = PBXVariantGroup;
			children = (
				7693F10B25FA842800DFAB54 /* Base */,
			);
			name = Main.storyboard;
			sourceTree = "<group>";
		};
		7693F10F25FA842A00DFAB54 /* LaunchScreen.storyboard */ = {
			isa = PBXVariantGroup;
			children = (
				7693F11025FA842A00DFAB54 /* Base */,
			);
			name = LaunchScreen.storyboard;
			sourceTree = "<group>";
		};
/* End PBXVariantGroup section */

/* Begin XCBuildConfiguration section */
		7693F11325FA842A00DFAB54 /* Debug */ = {
			isa = XCBuildConfiguration;
			buildSettings = {
				ALWAYS_SEARCH_USER_PATHS = NO;
				CLANG_ANALYZER_NONNULL = YES;
				CLANG_ANALYZER_NUMBER_OBJECT_CONVERSION = YES_AGGRESSIVE;
				CLANG_CXX_LANGUAGE_STANDARD = "gnu++14";
				CLANG_CXX_LIBRARY = "libc++";
				CLANG_ENABLE_MODULES = YES;
				CLANG_ENABLE_OBJC_ARC = YES;
				CLANG_ENABLE_OBJC_WEAK = YES;
				CLANG_WARN_BLOCK_CAPTURE_AUTORELEASING = YES;
				CLANG_WARN_BOOL_CONVERSION = YES;
				CLANG_WARN_COMMA = YES;
				CLANG_WARN_CONSTANT_CONVERSION = YES;
				CLANG_WARN_DEPRECATED_OBJC_IMPLEMENTATIONS = YES;
				CLANG_WARN_DIRECT_OBJC_ISA_USAGE = YES_ERROR;
				CLANG_WARN_DOCUMENTATION_COMMENTS = YES;
				CLANG_WARN_EMPTY_BODY = YES;
				CLANG_WARN_ENUM_CONVERSION = YES;
				CLANG_WARN_INFINITE_RECURSION = YES;
				CLANG_WARN_INT_CONVERSION = YES;
				CLANG_WARN_NON_LITERAL_NULL_CONVERSION = YES;
				CLANG_WARN_OBJC_IMPLICIT_RETAIN_SELF = YES;
				CLANG_WARN_OBJC_LITERAL_CONVERSION = YES;
				CLANG_WARN_OBJC_ROOT_CLASS = YES_ERROR;
				CLANG_WARN_QUOTED_INCLUDE_IN_FRAMEWORK_HEADER = YES;
				CLANG_WARN_RANGE_LOOP_ANALYSIS = YES;
				CLANG_WARN_STRICT_PROTOTYPES = YES;
				CLANG_WARN_SUSPICIOUS_MOVE = YES;
				CLANG_WARN_UNGUARDED_AVAILABILITY = YES_AGGRESSIVE;
				CLANG_WARN_UNREACHABLE_CODE = YES;
				CLANG_WARN__DUPLICATE_METHOD_MATCH = YES;
				COPY_PHASE_STRIP = NO;
				DEBUG_INFORMATION_FORMAT = dwarf;
				ENABLE_STRICT_OBJC_MSGSEND = YES;
				ENABLE_TESTABILITY = YES;
				GCC_C_LANGUAGE_STANDARD = gnu11;
				GCC_DYNAMIC_NO_PIC = NO;
				GCC_NO_COMMON_BLOCKS = YES;
				GCC_OPTIMIZATION_LEVEL = 0;
				GCC_PREPROCESSOR_DEFINITIONS = (
					"DEBUG=1",
					"$(inherited)",
				);
				GCC_WARN_64_TO_32_BIT_CONVERSION = YES;
				GCC_WARN_ABOUT_RETURN_TYPE = YES_ERROR;
				GCC_WARN_UNDECLARED_SELECTOR = YES;
				GCC_WARN_UNINITIALIZED_AUTOS = YES_AGGRESSIVE;
				GCC_WARN_UNUSED_FUNCTION = YES;
				GCC_WARN_UNUSED_VARIABLE = YES;
				IPHONEOS_DEPLOYMENT_TARGET = 14.4;
				MTL_ENABLE_DEBUG_INFO = INCLUDE_SOURCE;
				MTL_FAST_MATH = YES;
				ONLY_ACTIVE_ARCH = YES;
				SDKROOT = iphoneos;
				SWIFT_ACTIVE_COMPILATION_CONDITIONS = DEBUG;
				SWIFT_OPTIMIZATION_LEVEL = "-Onone";
			};
			name = Debug;
		};
		7693F11425FA842A00DFAB54 /* Release */ = {
			isa = XCBuildConfiguration;
			buildSettings = {
				ALWAYS_SEARCH_USER_PATHS = NO;
				CLANG_ANALYZER_NONNULL = YES;
				CLANG_ANALYZER_NUMBER_OBJECT_CONVERSION = YES_AGGRESSIVE;
				CLANG_CXX_LANGUAGE_STANDARD = "gnu++14";
				CLANG_CXX_LIBRARY = "libc++";
				CLANG_ENABLE_MODULES = YES;
				CLANG_ENABLE_OBJC_ARC = YES;
				CLANG_ENABLE_OBJC_WEAK = YES;
				CLANG_WARN_BLOCK_CAPTURE_AUTORELEASING = YES;
				CLANG_WARN_BOOL_CONVERSION = YES;
				CLANG_WARN_COMMA = YES;
				CLANG_WARN_CONSTANT_CONVERSION = YES;
				CLANG_WARN_DEPRECATED_OBJC_IMPLEMENTATIONS = YES;
				CLANG_WARN_DIRECT_OBJC_ISA_USAGE = YES_ERROR;
				CLANG_WARN_DOCUMENTATION_COMMENTS = YES;
				CLANG_WARN_EMPTY_BODY = YES;
				CLANG_WARN_ENUM_CONVERSION = YES;
				CLANG_WARN_INFINITE_RECURSION = YES;
				CLANG_WARN_INT_CONVERSION = YES;
				CLANG_WARN_NON_LITERAL_NULL_CONVERSION = YES;
				CLANG_WARN_OBJC_IMPLICIT_RETAIN_SELF = YES;
				CLANG_WARN_OBJC_LITERAL_CONVERSION = YES;
				CLANG_WARN_OBJC_ROOT_CLASS = YES_ERROR;
				CLANG_WARN_QUOTED_INCLUDE_IN_FRAMEWORK_HEADER = YES;
				CLANG_WARN_RANGE_LOOP_ANALYSIS = YES;
				CLANG_WARN_STRICT_PROTOTYPES = YES;
				CLANG_WARN_SUSPICIOUS_MOVE = YES;
				CLANG_WARN_UNGUARDED_AVAILABILITY = YES_AGGRESSIVE;
				CLANG_WARN_UNREACHABLE_CODE = YES;
				CLANG_WARN__DUPLICATE_METHOD_MATCH = YES;
				COPY_PHASE_STRIP = NO;
				DEBUG_INFORMATION_FORMAT = "dwarf-with-dsym";
				ENABLE_NS_ASSERTIONS = NO;
				ENABLE_STRICT_OBJC_MSGSEND = YES;
				GCC_C_LANGUAGE_STANDARD = gnu11;
				GCC_NO_COMMON_BLOCKS = YES;
				GCC_WARN_64_TO_32_BIT_CONVERSION = YES;
				GCC_WARN_ABOUT_RETURN_TYPE = YES_ERROR;
				GCC_WARN_UNDECLARED_SELECTOR = YES;
				GCC_WARN_UNINITIALIZED_AUTOS = YES_AGGRESSIVE;
				GCC_WARN_UNUSED_FUNCTION = YES;
				GCC_WARN_UNUSED_VARIABLE = YES;
				IPHONEOS_DEPLOYMENT_TARGET = 14.4;
				MTL_ENABLE_DEBUG_INFO = NO;
				MTL_FAST_MATH = YES;
				SDKROOT = iphoneos;
				SWIFT_COMPILATION_MODE = wholemodule;
				SWIFT_OPTIMIZATION_LEVEL = "-O";
				VALIDATE_PRODUCT = YES;
			};
			name = Release;
		};
		7693F11625FA842A00DFAB54 /* Debug */ = {
			isa = XCBuildConfiguration;
			buildSettings = {
				ASSETCATALOG_COMPILER_APPICON_NAME = AppIcon;
				ASSETCATALOG_COMPILER_GLOBAL_ACCENT_COLOR_NAME = AccentColor;
				CODE_SIGN_STYLE = Automatic;
				DEVELOPMENT_TEAM = 6UT7M6DT43;
				INFOPLIST_FILE = ConnectivityListener/Info.plist;
				IPHONEOS_DEPLOYMENT_TARGET = 14.1;
				LD_RUNPATH_SEARCH_PATHS = (
					"$(inherited)",
					"@executable_path/Frameworks",
				);
				PRODUCT_BUNDLE_IDENTIFIER = com.anoop.ConnectivityListener;
				PRODUCT_NAME = "$(TARGET_NAME)";
				SWIFT_VERSION = 5.0;
				TARGETED_DEVICE_FAMILY = "1,2";
			};
			name = Debug;
		};
		7693F11725FA842A00DFAB54 /* Release */ = {
			isa = XCBuildConfiguration;
			buildSettings = {
				ASSETCATALOG_COMPILER_APPICON_NAME = AppIcon;
				ASSETCATALOG_COMPILER_GLOBAL_ACCENT_COLOR_NAME = AccentColor;
				CODE_SIGN_STYLE = Automatic;
				DEVELOPMENT_TEAM = 6UT7M6DT43;
				INFOPLIST_FILE = ConnectivityListener/Info.plist;
				IPHONEOS_DEPLOYMENT_TARGET = 14.1;
				LD_RUNPATH_SEARCH_PATHS = (
					"$(inherited)",
					"@executable_path/Frameworks",
				);
				PRODUCT_BUNDLE_IDENTIFIER = com.anoop.ConnectivityListener;
				PRODUCT_NAME = "$(TARGET_NAME)";
				SWIFT_VERSION = 5.0;
				TARGETED_DEVICE_FAMILY = "1,2";
			};
			name = Release;
		};
/* End XCBuildConfiguration section */

/* Begin XCConfigurationList section */
		7693F0FC25FA842800DFAB54 /* Build configuration list for PBXProject "ConnectivityListener" */ = {
			isa = XCConfigurationList;
			buildConfigurations = (
				7693F11325FA842A00DFAB54 /* Debug */,
				7693F11425FA842A00DFAB54 /* Release */,
			);
			defaultConfigurationIsVisible = 0;
			defaultConfigurationName = Release;
		};
		7693F11525FA842A00DFAB54 /* Build configuration list for PBXNativeTarget "ConnectivityListener" */ = {
			isa = XCConfigurationList;
			buildConfigurations = (
				7693F11625FA842A00DFAB54 /* Debug */,
				7693F11725FA842A00DFAB54 /* Release */,
			);
			defaultConfigurationIsVisible = 0;
			defaultConfigurationName = Release;
		};
/* End XCConfigurationList section */

/* Begin XCRemoteSwiftPackageReference section */
		7693F11925FA855500DFAB54 /* XCRemoteSwiftPackageReference "Alamofire" */ = {
			isa = XCRemoteSwiftPackageReference;
			repositoryURL = "https://github.com/Alamofire/Alamofire.git";
			requirement = {
				kind = upToNextMajorVersion;
				minimumVersion = 5.4.1;
			};
		};
/* End XCRemoteSwiftPackageReference section */

/* Begin XCSwiftPackageProductDependency section */
		7693F11A25FA855500DFAB54 /* Alamofire */ = {
			isa = XCSwiftPackageProductDependency;
			package = 7693F11925FA855500DFAB54 /* XCRemoteSwiftPackageReference "Alamofire" */;
			productName = Alamofire;
		};
/* End XCSwiftPackageProductDependency section */
	};
	rootObject = 7693F0F925FA842800DFAB54 /* Project object */;
}
